
Microsoft Visual Studio Solution File, Format Version 12.00
Project("{FAE04EC0-301F-11D3-BF4B-00C04F79EFBC}") = "FileStorage", "FileStorage\FileStorage.csproj", "{2B90F6AA-C0C1-45A7-B1BD-60C8F40002FB}"
EndProject
Global
	GlobalSection(SolutionConfigurationPlatforms) = preSolution
		Debug|Any CPU = Debug|Any CPU
		Release|Any CPU = Release|Any CPU
	EndGlobalSection
	GlobalSection(ProjectConfigurationPlatforms) = postSolution
		{2B90F6AA-C0C1-45A7-B1BD-60C8F40002FB}.Debug|Any CPU.ActiveCfg = Debug|Any CPU
		{2B90F6AA-C0C1-45A7-B1BD-60C8F40002FB}.Debug|Any CPU.Build.0 = Debug|Any CPU
		{2B90F6AA-C0C1-45A7-B1BD-60C8F40002FB}.Release|Any CPU.ActiveCfg = Release|Any CPU
		{2B90F6AA-C0C1-45A7-B1BD-60C8F40002FB}.Release|Any CPU.Build.0 = Release|Any CPU
	EndGlobalSection
EndGlobal
